{
  "version": 4,
  "terraform_version": "1.9.7",
  "serial": 43,
  "lineage": "f9ca90a2-b2b3-26d1-7371-e1e25f8b2bc0",
  "outputs": {
    "eks_cluster_arn": {
      "value": "arn:aws:eks:ap-northeast-2:151564769076:cluster/cozy-eks-cluster-tf",
      "type": "string"
    },
    "eks_cluster_endpoint": {
      "value": "https://AED0A0BA78608579739AAB9A9D9915A9.yl4.ap-northeast-2.eks.amazonaws.com",
      "type": "string"
    },
    "eks_cluster_name": {
      "value": "cozy-eks-cluster-tf",
      "type": "string"
    }
  },
  "resources": [
    {
      "mode": "data",
      "type": "aws_subnet",
      "name": "cozy_private_sbn_01a",
      "provider": "provider[\"registry.terraform.io/hashicorp/aws\"]",
      "instances": [
        {
          "schema_version": 0,
          "attributes": {
            "arn": "arn:aws:ec2:ap-northeast-2:151564769076:subnet/subnet-02313495582a7a017",
            "assign_ipv6_address_on_creation": false,
            "availability_zone": "ap-northeast-2a",
            "availability_zone_id": "apne2-az1",
            "available_ip_address_count": 244,
            "cidr_block": "10.0.2.0/24",
            "customer_owned_ipv4_pool": "",
            "default_for_az": false,
            "enable_dns64": false,
            "enable_lni_at_device_index": 0,
            "enable_resource_name_dns_a_record_on_launch": false,
            "enable_resource_name_dns_aaaa_record_on_launch": false,
            "filter": [
              {
                "name": "tag:Name",
                "values": [
                  "cozy-private-sbn-01a"
                ]
              }
            ],
            "id": "subnet-02313495582a7a017",
            "ipv6_cidr_block": "",
            "ipv6_cidr_block_association_id": "",
            "ipv6_native": false,
            "map_customer_owned_ip_on_launch": false,
            "map_public_ip_on_launch": false,
            "outpost_arn": "",
            "owner_id": "151564769076",
            "private_dns_hostname_type_on_launch": "ip-name",
            "state": "available",
            "tags": {
              "Name": "cozy-private-sbn-01a"
            },
            "timeouts": null,
            "vpc_id": "vpc-0c5a09a03e82a45cc"
          },
          "sensitive_attributes": []
        }
      ]
    },
    {
      "mode": "data",
      "type": "aws_subnet",
      "name": "cozy_private_sbn_01b",
      "provider": "provider[\"registry.terraform.io/hashicorp/aws\"]",
      "instances": [
        {
          "schema_version": 0,
          "attributes": {
            "arn": "arn:aws:ec2:ap-northeast-2:151564769076:subnet/subnet-0e7286276d0098321",
            "assign_ipv6_address_on_creation": false,
            "availability_zone": "ap-northeast-2b",
            "availability_zone_id": "apne2-az2",
            "available_ip_address_count": 246,
            "cidr_block": "10.0.3.0/24",
            "customer_owned_ipv4_pool": "",
            "default_for_az": false,
            "enable_dns64": false,
            "enable_lni_at_device_index": 0,
            "enable_resource_name_dns_a_record_on_launch": false,
            "enable_resource_name_dns_aaaa_record_on_launch": false,
            "filter": [
              {
                "name": "tag:Name",
                "values": [
                  "cozy-private-sbn-01b"
                ]
              }
            ],
            "id": "subnet-0e7286276d0098321",
            "ipv6_cidr_block": "",
            "ipv6_cidr_block_association_id": "",
            "ipv6_native": false,
            "map_customer_owned_ip_on_launch": false,
            "map_public_ip_on_launch": false,
            "outpost_arn": "",
            "owner_id": "151564769076",
            "private_dns_hostname_type_on_launch": "ip-name",
            "state": "available",
            "tags": {
              "Name": "cozy-private-sbn-01b"
            },
            "timeouts": null,
            "vpc_id": "vpc-0c5a09a03e82a45cc"
          },
          "sensitive_attributes": []
        }
      ]
    },
    {
      "mode": "data",
      "type": "aws_vpc",
      "name": "cozy_vpc",
      "provider": "provider[\"registry.terraform.io/hashicorp/aws\"]",
      "instances": [
        {
          "schema_version": 0,
          "attributes": {
            "arn": "arn:aws:ec2:ap-northeast-2:151564769076:vpc/vpc-0c5a09a03e82a45cc",
            "cidr_block": "10.0.0.0/16",
            "cidr_block_associations": [
              {
                "association_id": "vpc-cidr-assoc-0137fedc6db27e7d0",
                "cidr_block": "10.0.0.0/16",
                "state": "associated"
              }
            ],
            "default": false,
            "dhcp_options_id": "dopt-c9ec46a2",
            "enable_dns_hostnames": true,
            "enable_dns_support": true,
            "enable_network_address_usage_metrics": false,
            "filter": [
              {
                "name": "tag:Name",
                "values": [
                  "cozy-vpc"
                ]
              }
            ],
            "id": "vpc-0c5a09a03e82a45cc",
            "instance_tenancy": "default",
            "ipv6_association_id": "",
            "ipv6_cidr_block": "",
            "main_route_table_id": "rtb-014335aa7f9b8dff8",
            "owner_id": "151564769076",
            "state": null,
            "tags": {
              "Name": "cozy-vpc"
            },
            "timeouts": null
          },
          "sensitive_attributes": []
        }
      ]
    },
    {
      "mode": "managed",
      "type": "aws_eks_cluster",
      "name": "cluster",
      "provider": "provider[\"registry.terraform.io/hashicorp/aws\"]",
      "instances": [
        {
          "schema_version": 1,
          "attributes": {
            "access_config": [
              {
                "authentication_mode": "CONFIG_MAP",
                "bootstrap_cluster_creator_admin_permissions": true
              }
            ],
            "arn": "arn:aws:eks:ap-northeast-2:151564769076:cluster/cozy-eks-cluster-tf",
            "bootstrap_self_managed_addons": true,
            "certificate_authority": [
              {
                "data": "LS0tLS1CRUdJTiBDRVJUSUZJQ0FURS0tLS0tCk1JSURCVENDQWUyZ0F3SUJBZ0lJTlByMGVDSUZrMWd3RFFZSktvWklodmNOQVFFTEJRQXdGVEVUTUJFR0ExVUUKQXhNS2EzVmlaWEp1WlhSbGN6QWVGdzB5TlRBeU1UWXdOekUwTkRoYUZ3MHpOVEF5TVRRd056RTVORGhhTUJVeApFekFSQmdOVkJBTVRDbXQxWW1WeWJtVjBaWE13Z2dFaU1BMEdDU3FHU0liM0RRRUJBUVVBQTRJQkR3QXdnZ0VLCkFvSUJBUURYemdmcVNDeUdtT1pwWVJ3T1hsMDh3djA4L0wzYmNzem10bzR2VStBT1JHaEdKbUtxYUVJTmFhS24KWmhyYjVmSVFqR1RHd1BOamV0NHozQi9xWmRMenAyMS9KbVFvclduV2FZYVZzNUdPbzdjSUczVnZPaWEwTkNTWgpUL0hSRDNNZXRwdGc3dnRjV1lkNlppYis3VlpUemU3WlhpQ28zS0ZrelJST2QwWEkzem1aSlJyUHdmR2tmcS94Cm1IMHRFcjEwa1MwSHNmYWpGbXlvUjZyQXltZUhmL1FpVUlLV0F3MS9STTd4OC9ldHZUaS91MCtrZFFzVmxPV1gKbzhUUUx0TWFZMDRyTWJxczVUMXhSOXB4NFF0MW5qSmpyV3B2S09xdmZPem5tYXVnbVUrUVV3OXcveXg1YnpmeQpJMnF1c1BMbXRmQzZYd3Y0ck9XTHBnckdXL2pIQWdNQkFBR2pXVEJYTUE0R0ExVWREd0VCL3dRRUF3SUNwREFQCkJnTlZIUk1CQWY4RUJUQURBUUgvTUIwR0ExVWREZ1FXQkJSUjN3M1lkL1FXd2Z0bG05c01LRGNLK1VSNUp6QVYKQmdOVkhSRUVEakFNZ2dwcmRXSmxjbTVsZEdWek1BMEdDU3FHU0liM0RRRUJDd1VBQTRJQkFRQWRxRUUyTnVGUgpEejZpR1ptT3hjNnhwS012UUQ4L044Y3ZhdjVyejE3eTBjcjBwQThZZFd1WnVia00wMnQvUVRwYTIzN2ZVQmtFCmpNYlZrTkRmTHdCVDZVRmlRZkx2RkVxNXh5OGlReEUyRmVRdDZQdmFtd0dIOFhsbFdyK21MYkplUXUwK3B0TkUKM2hJbnVGMkMraGtIZXRIZkdGQk5rdEZQNFFsQ3NBYktTTDlUblM5WDRDd01GMVVweEM2a1doZGVrd05WUDNTOQplY2FIMzlnUThBYUt2QnNyK2tYaUtKTjBUVXJGNmZ0cy9aTGkvUk13eW8zSzFDblEzSU5LaWFvaEJjM0tkM2JLCmhFWFUvdGthTkRMb1Zwa25GSHlrUFFKRUE1QmVzbU5nWURkdnUyenlLWmNHNHJlMHAzSXI4SGtkS1VoZWlQMFgKblJWQ1cyOW9LdG5jCi0tLS0tRU5EIENFUlRJRklDQVRFLS0tLS0K"
              }
            ],
            "cluster_id": null,
            "compute_config": [],
            "created_at": "2025-02-16T07:15:39Z",
            "enabled_cluster_log_types": [],
            "encryption_config": [],
            "endpoint": "https://AED0A0BA78608579739AAB9A9D9915A9.yl4.ap-northeast-2.eks.amazonaws.com",
            "id": "cozy-eks-cluster-tf",
            "identity": [
              {
                "oidc": [
                  {
                    "issuer": "https://oidc.eks.ap-northeast-2.amazonaws.com/id/AED0A0BA78608579739AAB9A9D9915A9"
                  }
                ]
              }
            ],
            "kubernetes_network_config": [
              {
                "elastic_load_balancing": [
                  {
                    "enabled": false
                  }
                ],
                "ip_family": "ipv4",
                "service_ipv4_cidr": "172.20.0.0/16",
                "service_ipv6_cidr": ""
              }
            ],
            "name": "cozy-eks-cluster-tf",
            "outpost_config": [],
            "platform_version": "eks.3",
            "remote_network_config": [],
            "role_arn": "arn:aws:iam::151564769076:role/cozy-eks-cluster-role",
            "status": "ACTIVE",
            "storage_config": [],
            "tags": {},
            "tags_all": {},
            "timeouts": null,
            "upgrade_policy": [
              {
                "support_type": "EXTENDED"
              }
            ],
            "version": "1.32",
            "vpc_config": [
              {
                "cluster_security_group_id": "sg-0ca3c2a6aa3d26c63",
                "endpoint_private_access": false,
                "endpoint_public_access": true,
                "public_access_cidrs": [
                  "0.0.0.0/0"
                ],
                "security_group_ids": [],
                "subnet_ids": [
                  "subnet-02313495582a7a017",
                  "subnet-0e7286276d0098321"
                ],
                "vpc_id": "vpc-0c5a09a03e82a45cc"
              }
            ],
            "zonal_shift_config": []
          },
          "sensitive_attributes": [],
          "private": "eyJlMmJmYjczMC1lY2FhLTExZTYtOGY4OC0zNDM2M2JjN2M0YzAiOnsiY3JlYXRlIjoxODAwMDAwMDAwMDAwLCJkZWxldGUiOjkwMDAwMDAwMDAwMCwidXBkYXRlIjozNjAwMDAwMDAwMDAwfSwic2NoZW1hX3ZlcnNpb24iOiIxIn0=",
          "dependencies": [
            "aws_iam_role.eks_role",
            "data.aws_subnet.cozy_private_sbn_01a",
            "data.aws_subnet.cozy_private_sbn_01b"
          ]
        }
      ]
    },
    {
      "mode": "managed",
      "type": "aws_eks_node_group",
      "name": "node_group",
      "provider": "provider[\"registry.terraform.io/hashicorp/aws\"]",
      "instances": [
        {
          "schema_version": 0,
          "attributes": {
            "ami_type": "AL2023_x86_64_STANDARD",
            "arn": "arn:aws:eks:ap-northeast-2:151564769076:nodegroup/cozy-eks-cluster-tf/cozy-eks-node-group/b8ca86ec-0b7c-1399-65ee-b8adc9b124d3",
            "capacity_type": "ON_DEMAND",
            "cluster_name": "cozy-eks-cluster-tf",
            "disk_size": 20,
            "force_update_version": null,
            "id": "cozy-eks-cluster-tf:cozy-eks-node-group",
            "instance_types": [
              "t3.medium"
            ],
            "labels": null,
            "launch_template": [],
            "node_group_name": "cozy-eks-node-group",
            "node_group_name_prefix": "",
            "node_repair_config": [],
            "node_role_arn": "arn:aws:iam::151564769076:role/cozy-eks-node-group-role",
            "release_version": "1.32.1-20250212",
            "remote_access": [],
            "resources": [
              {
                "autoscaling_groups": [
                  {
                    "name": "eks-cozy-eks-node-group-b8ca86ec-0b7c-1399-65ee-b8adc9b124d3"
                  }
                ],
                "remote_access_security_group_id": ""
              }
            ],
            "scaling_config": [
              {
                "desired_size": 2,
                "max_size": 3,
                "min_size": 1
              }
            ],
            "status": "ACTIVE",
            "subnet_ids": [
              "subnet-02313495582a7a017",
              "subnet-0e7286276d0098321"
            ],
            "tags": null,
            "tags_all": {},
            "taint": [],
            "timeouts": null,
            "update_config": [
              {
                "max_unavailable": 1,
                "max_unavailable_percentage": 0
              }
            ],
            "version": "1.32"
          },
          "sensitive_attributes": [],
          "private": "eyJlMmJmYjczMC1lY2FhLTExZTYtOGY4OC0zNDM2M2JjN2M0YzAiOnsiY3JlYXRlIjozNjAwMDAwMDAwMDAwLCJkZWxldGUiOjM2MDAwMDAwMDAwMDAsInVwZGF0ZSI6MzYwMDAwMDAwMDAwMH19",
          "dependencies": [
            "aws_eks_cluster.cluster",
            "aws_iam_role.eks_node_role",
            "aws_iam_role.eks_role",
            "data.aws_subnet.cozy_private_sbn_01a",
            "data.aws_subnet.cozy_private_sbn_01b"
          ]
        }
      ]
    },
    {
      "mode": "managed",
      "type": "aws_iam_role",
      "name": "eks_node_role",
      "provider": "provider[\"registry.terraform.io/hashicorp/aws\"]",
      "instances": [
        {
          "schema_version": 0,
          "attributes": {
            "arn": "arn:aws:iam::151564769076:role/cozy-eks-node-group-role",
            "assume_role_policy": "{\"Statement\":[{\"Action\":\"sts:AssumeRole\",\"Effect\":\"Allow\",\"Principal\":{\"Service\":\"ec2.amazonaws.com\"}}],\"Version\":\"2012-10-17\"}",
            "create_date": "2025-02-16T07:15:37Z",
            "description": "",
            "force_detach_policies": false,
            "id": "cozy-eks-node-group-role",
            "inline_policy": [],
            "managed_policy_arns": [
              "arn:aws:iam::aws:policy/AmazonEKSWorkerNodePolicy",
              "arn:aws:iam::aws:policy/AmazonEKS_CNI_Policy"
            ],
            "max_session_duration": 3600,
            "name": "cozy-eks-node-group-role",
            "name_prefix": "",
            "path": "/",
            "permissions_boundary": "",
            "tags": {},
            "tags_all": {},
            "unique_id": "AROASGSPW242JCLJAYKTZ"
          },
          "sensitive_attributes": [],
          "private": "bnVsbA=="
        }
      ]
    },
    {
      "mode": "managed",
      "type": "aws_iam_role",
      "name": "eks_role",
      "provider": "provider[\"registry.terraform.io/hashicorp/aws\"]",
      "instances": [
        {
          "schema_version": 0,
          "attributes": {
            "arn": "arn:aws:iam::151564769076:role/cozy-eks-cluster-role",
            "assume_role_policy": "{\"Statement\":[{\"Action\":\"sts:AssumeRole\",\"Effect\":\"Allow\",\"Principal\":{\"Service\":\"eks.amazonaws.com\"}}],\"Version\":\"2012-10-17\"}",
            "create_date": "2025-02-16T07:15:37Z",
            "description": "",
            "force_detach_policies": false,
            "id": "cozy-eks-cluster-role",
            "inline_policy": [],
            "managed_policy_arns": [
              "arn:aws:iam::aws:policy/AmazonEKSClusterPolicy"
            ],
            "max_session_duration": 3600,
            "name": "cozy-eks-cluster-role",
            "name_prefix": "",
            "path": "/",
            "permissions_boundary": "",
            "tags": {},
            "tags_all": {},
            "unique_id": "AROASGSPW242FCCLZ7LDA"
          },
          "sensitive_attributes": [],
          "private": "bnVsbA=="
        }
      ]
    },
    {
      "mode": "managed",
      "type": "aws_iam_role_policy_attachment",
      "name": "eks_cni_policy",
      "provider": "provider[\"registry.terraform.io/hashicorp/aws\"]",
      "instances": [
        {
          "schema_version": 0,
          "attributes": {
            "id": "cozy-eks-node-group-role-20250216071538515900000003",
            "policy_arn": "arn:aws:iam::aws:policy/AmazonEKS_CNI_Policy",
            "role": "cozy-eks-node-group-role"
          },
          "sensitive_attributes": [],
          "private": "bnVsbA==",
          "dependencies": [
            "aws_iam_role.eks_node_role"
          ]
        }
      ]
    },
    {
      "mode": "managed",
      "type": "aws_iam_role_policy_attachment",
      "name": "eks_ec2_policy",
      "provider": "provider[\"registry.terraform.io/hashicorp/aws\"]",
      "instances": [
        {
          "schema_version": 0,
          "attributes": {
            "id": "cozy-eks-node-group-role-20250216081805136000000001",
            "policy_arn": "arn:aws:iam::aws:policy/AmazonEC2ContainerRegistryReadOnly",
            "role": "cozy-eks-node-group-role"
          },
          "sensitive_attributes": [],
          "private": "bnVsbA==",
          "dependencies": [
            "aws_iam_role.eks_node_role"
          ]
        }
      ]
    },
    {
      "mode": "managed",
      "type": "aws_iam_role_policy_attachment",
      "name": "eks_node_policy",
      "provider": "provider[\"registry.terraform.io/hashicorp/aws\"]",
      "instances": [
        {
          "schema_version": 0,
          "attributes": {
            "id": "cozy-eks-node-group-role-20250216071538255800000001",
            "policy_arn": "arn:aws:iam::aws:policy/AmazonEKSWorkerNodePolicy",
            "role": "cozy-eks-node-group-role"
          },
          "sensitive_attributes": [],
          "private": "bnVsbA==",
          "dependencies": [
            "aws_iam_role.eks_node_role"
          ]
        }
      ]
    },
    {
      "mode": "managed",
      "type": "aws_iam_role_policy_attachment",
      "name": "eks_policy",
      "provider": "provider[\"registry.terraform.io/hashicorp/aws\"]",
      "instances": [
        {
          "schema_version": 0,
          "attributes": {
            "id": "cozy-eks-cluster-role-20250216071538262600000002",
            "policy_arn": "arn:aws:iam::aws:policy/AmazonEKSClusterPolicy",
            "role": "cozy-eks-cluster-role"
          },
          "sensitive_attributes": [],
          "private": "bnVsbA==",
          "dependencies": [
            "aws_iam_role.eks_role"
          ]
        }
      ]
    }
  ],
  "check_results": null
}
